
Microsoft Visual Studio Solution File, Format Version 12.00
# Visual Studio Version 17
VisualStudioVersion = 17.9.34728.123
MinimumVisualStudioVersion = 10.0.40219.1
Project("{FAE04EC0-301F-11D3-BF4B-00C04F79EFBC}") = "gimnasioElias", "gimnasioElias\gimnasioElias.csproj", "{C5706C16-84D9-46F8-96E8-5B5F36423BFF}"
EndProject
Project("{FAE04EC0-301F-11D3-BF4B-00C04F79EFBC}") = "gimnasioElias.Data", "gimnasioElias.Model\gimnasioElias.Data.csproj", "{5726C4C6-7F61-49A0-BE0B-F700480A72B1}"
EndProject
Project("{FAE04EC0-301F-11D3-BF4B-00C04F79EFBC}") = "gimnasioElias.Model", "gimnasioElias.Servicios\gimnasioElias.Model.csproj", "{39B3E6A3-2AAB-46B3-ABE4-F954723ACB7F}"
EndProject
Global
	GlobalSection(SolutionConfigurationPlatforms) = preSolution
		Debug|Any CPU = Debug|Any CPU
		Release|Any CPU = Release|Any CPU
	EndGlobalSection
	GlobalSection(ProjectConfigurationPlatforms) = postSolution
		{C5706C16-84D9-46F8-96E8-5B5F36423BFF}.Debug|Any CPU.ActiveCfg = Debug|Any CPU
		{C5706C16-84D9-46F8-96E8-5B5F36423BFF}.Debug|Any CPU.Build.0 = Debug|Any CPU
		{C5706C16-84D9-46F8-96E8-5B5F36423BFF}.Release|Any CPU.ActiveCfg = Release|Any CPU
		{C5706C16-84D9-46F8-96E8-5B5F36423BFF}.Release|Any CPU.Build.0 = Release|Any CPU
		{5726C4C6-7F61-49A0-BE0B-F700480A72B1}.Debug|Any CPU.ActiveCfg = Debug|Any CPU
		{5726C4C6-7F61-49A0-BE0B-F700480A72B1}.Debug|Any CPU.Build.0 = Debug|Any CPU
		{5726C4C6-7F61-49A0-BE0B-F700480A72B1}.Release|Any CPU.ActiveCfg = Release|Any CPU
		{5726C4C6-7F61-49A0-BE0B-F700480A72B1}.Release|Any CPU.Build.0 = Release|Any CPU
		{39B3E6A3-2AAB-46B3-ABE4-F954723ACB7F}.Debug|Any CPU.ActiveCfg = Debug|Any CPU
		{39B3E6A3-2AAB-46B3-ABE4-F954723ACB7F}.Debug|Any CPU.Build.0 = Debug|Any CPU
		{39B3E6A3-2AAB-46B3-ABE4-F954723ACB7F}.Release|Any CPU.ActiveCfg = Release|Any CPU
		{39B3E6A3-2AAB-46B3-ABE4-F954723ACB7F}.Release|Any CPU.Build.0 = Release|Any CPU
	EndGlobalSection
	GlobalSection(SolutionProperties) = preSolution
		HideSolutionNode = FALSE
	EndGlobalSection
	GlobalSection(ExtensibilityGlobals) = postSolution
		SolutionGuid = {D61AD8F7-749C-438E-BCDB-B92BCEC7BA7E}
	EndGlobalSection
EndGlobal
